// !$*UTF8*$!
{
	archiveVersion = 1;
	classes = {
	};
	objectVersion = 56;
	objects = {

/* Begin PBXBuildFile section */
		A10000001 /* BibliaRomanaApp.swift in Sources */ = {isa = PBXBuildFile; fileRef = A20000001 /* BibliaRomanaApp.swift */; };
		A10000002 /* ContentView.swift in Sources */ = {isa = PBXBuildFile; fileRef = A20000002 /* ContentView.swift */; };
		A10000003 /* LibraryView.swift in Sources */ = {isa = PBXBuildFile; fileRef = A20000003 /* LibraryView.swift */; };
		A10000004 /* ReaderView.swift in Sources */ = {isa = PBXBuildFile; fileRef = A20000004 /* ReaderView.swift */; };
		A10000005 /* AIAssistantView.swift in Sources */ = {isa = PBXBuildFile; fileRef = A20000005 /* AIAssistantView.swift */; };
		A10000006 /* SettingsView.swift in Sources */ = {isa = PBXBuildFile; fileRef = A20000006 /* SettingsView.swift */; };
		A10000007 /* ShareCardView.swift in Sources */ = {isa = PBXBuildFile; fileRef = A20000007 /* ShareCardView.swift */; };
		A10000008 /* BibleModels.swift in Sources */ = {isa = PBXBuildFile; fileRef = A20000008 /* BibleModels.swift */; };
		A10000009 /* BibleService.swift in Sources */ = {isa = PBXBuildFile; fileRef = A20000009 /* BibleService.swift */; };
		A10000010 /* StorageService.swift in Sources */ = {isa = PBXBuildFile; fileRef = A20000010 /* StorageService.swift */; };
		A10000011 /* GeminiService.swift in Sources */ = {isa = PBXBuildFile; fileRef = A20000011 /* GeminiService.swift */; };
		A10000012 /* Assets.xcassets in Resources */ = {isa = PBXBuildFile; fileRef = A20000012 /* Assets.xcassets */; };
		A10000013 /* biblia_1914.json in Resources */ = {isa = PBXBuildFile; fileRef = A20000013 /* biblia_1914.json */; };
		A10000014 /* VisualizerView.swift in Sources */ = {isa = PBXBuildFile; fileRef = A20000014 /* VisualizerView.swift */; };
		A10000015 /* EncyclopediaModels.swift in Sources */ = {isa = PBXBuildFile; fileRef = A20000015 /* EncyclopediaModels.swift */; };
		A10000016 /* EncyclopediaService.swift in Sources */ = {isa = PBXBuildFile; fileRef = A20000016 /* EncyclopediaService.swift */; };
		A10000017 /* EncyclopediaView.swift in Sources */ = {isa = PBXBuildFile; fileRef = A20000017 /* EncyclopediaView.swift */; };
		A10000018 /* BiblicalMapView.swift in Sources */ = {isa = PBXBuildFile; fileRef = A20000018 /* BiblicalMapView.swift */; };
		A10000019 /* encyclopedia_ro.json in Resources */ = {isa = PBXBuildFile; fileRef = A20000019 /* encyclopedia_ro.json */; };
		A10000020 /* biblical_locations.json in Resources */ = {isa = PBXBuildFile; fileRef = A20000020 /* biblical_locations.json */; };
		A10000021 /* SubscriptionService.swift in Sources */ = {isa = PBXBuildFile; fileRef = A20000021 /* SubscriptionService.swift */; };
		A10000022 /* PaywallView.swift in Sources */ = {isa = PBXBuildFile; fileRef = A20000022 /* PaywallView.swift */; };
		A10000023 /* Products.storekit in Resources */ = {isa = PBXBuildFile; fileRef = A20000023 /* Products.storekit */; };
/* End PBXBuildFile section */

/* Begin PBXFileReference section */
		A20000001 /* BibliaRomanaApp.swift */ = {isa = PBXFileReference; lastKnownFileType = sourcecode.swift; path = BibliaRomanaApp.swift; sourceTree = "<group>"; };
		A20000002 /* ContentView.swift */ = {isa = PBXFileReference; lastKnownFileType = sourcecode.swift; path = ContentView.swift; sourceTree = "<group>"; };
		A20000003 /* LibraryView.swift */ = {isa = PBXFileReference; lastKnownFileType = sourcecode.swift; path = LibraryView.swift; sourceTree = "<group>"; };
		A20000004 /* ReaderView.swift */ = {isa = PBXFileReference; lastKnownFileType = sourcecode.swift; path = ReaderView.swift; sourceTree = "<group>"; };
		A20000005 /* AIAssistantView.swift */ = {isa = PBXFileReference; lastKnownFileType = sourcecode.swift; path = AIAssistantView.swift; sourceTree = "<group>"; };
		A20000006 /* SettingsView.swift */ = {isa = PBXFileReference; lastKnownFileType = sourcecode.swift; path = SettingsView.swift; sourceTree = "<group>"; };
		A20000007 /* ShareCardView.swift */ = {isa = PBXFileReference; lastKnownFileType = sourcecode.swift; path = ShareCardView.swift; sourceTree = "<group>"; };
		A20000008 /* BibleModels.swift */ = {isa = PBXFileReference; lastKnownFileType = sourcecode.swift; path = BibleModels.swift; sourceTree = "<group>"; };
		A20000009 /* BibleService.swift */ = {isa = PBXFileReference; lastKnownFileType = sourcecode.swift; path = BibleService.swift; sourceTree = "<group>"; };
		A20000010 /* StorageService.swift */ = {isa = PBXFileReference; lastKnownFileType = sourcecode.swift; path = StorageService.swift; sourceTree = "<group>"; };
		A20000011 /* GeminiService.swift */ = {isa = PBXFileReference; lastKnownFileType = sourcecode.swift; path = GeminiService.swift; sourceTree = "<group>"; };
		A20000012 /* Assets.xcassets */ = {isa = PBXFileReference; lastKnownFileType = folder.assetcatalog; path = Assets.xcassets; sourceTree = "<group>"; };
		A20000013 /* biblia_1914.json */ = {isa = PBXFileReference; lastKnownFileType = text.json; path = biblia_1914.json; sourceTree = "<group>"; };
		A20000014 /* VisualizerView.swift */ = {isa = PBXFileReference; lastKnownFileType = sourcecode.swift; path = VisualizerView.swift; sourceTree = "<group>"; };
		A20000015 /* EncyclopediaModels.swift */ = {isa = PBXFileReference; lastKnownFileType = sourcecode.swift; path = EncyclopediaModels.swift; sourceTree = "<group>"; };
		A20000016 /* EncyclopediaService.swift */ = {isa = PBXFileReference; lastKnownFileType = sourcecode.swift; path = EncyclopediaService.swift; sourceTree = "<group>"; };
		A20000017 /* EncyclopediaView.swift */ = {isa = PBXFileReference; lastKnownFileType = sourcecode.swift; path = EncyclopediaView.swift; sourceTree = "<group>"; };
		A20000018 /* BiblicalMapView.swift */ = {isa = PBXFileReference; lastKnownFileType = sourcecode.swift; path = BiblicalMapView.swift; sourceTree = "<group>"; };
		A20000019 /* encyclopedia_ro.json */ = {isa = PBXFileReference; lastKnownFileType = text.json; path = encyclopedia_ro.json; sourceTree = "<group>"; };
		A20000020 /* biblical_locations.json */ = {isa = PBXFileReference; lastKnownFileType = text.json; path = biblical_locations.json; sourceTree = "<group>"; };
		A20000021 /* SubscriptionService.swift */ = {isa = PBXFileReference; lastKnownFileType = sourcecode.swift; path = SubscriptionService.swift; sourceTree = "<group>"; };
		A20000022 /* PaywallView.swift */ = {isa = PBXFileReference; lastKnownFileType = sourcecode.swift; path = PaywallView.swift; sourceTree = "<group>"; };
		A20000023 /* Products.storekit */ = {isa = PBXFileReference; lastKnownFileType = text; path = Products.storekit; sourceTree = "<group>"; };
		A30000001 /* BibliaRomana.app */ = {isa = PBXFileReference; explicitFileType = wrapper.application; includeInIndex = 0; path = BibliaRomana.app; sourceTree = BUILT_PRODUCTS_DIR; };
/* End PBXFileReference section */

/* Begin PBXFrameworksBuildPhase section */
		A40000001 /* Frameworks */ = {
			isa = PBXFrameworksBuildPhase;
			buildActionMask = 2147483647;
			files = (
			);
			runOnlyForDeploymentPostprocessing = 0;
		};
/* End PBXFrameworksBuildPhase section */

/* Begin PBXGroup section */
		A50000001 = {
			isa = PBXGroup;
			children = (
				A50000002 /* BibliaRomana */,
				A50000006 /* Products */,
			);
			sourceTree = "<group>";
		};
		A50000002 /* BibliaRomana */ = {
			isa = PBXGroup;
			children = (
				A50000003 /* App */,
				A50000004 /* Models */,
				A50000005 /* Services */,
				A50000007 /* Views */,
				A50000008 /* Resources */,
				A20000012 /* Assets.xcassets */,
			);
			path = BibliaRomana;
			sourceTree = "<group>";
		};
		A50000003 /* App */ = {
			isa = PBXGroup;
			children = (
				A20000001 /* BibliaRomanaApp.swift */,
			);
			path = App;
			sourceTree = "<group>";
		};
		A50000004 /* Models */ = {
			isa = PBXGroup;
			children = (
				A20000008 /* BibleModels.swift */,
				A20000015 /* EncyclopediaModels.swift */,
			);
			path = Models;
			sourceTree = "<group>";
		};
		A50000005 /* Services */ = {
			isa = PBXGroup;
			children = (
				A20000009 /* BibleService.swift */,
				A20000010 /* StorageService.swift */,
				A20000011 /* GeminiService.swift */,
				A20000016 /* EncyclopediaService.swift */,
				A20000021 /* SubscriptionService.swift */,
			);
			path = Services;
			sourceTree = "<group>";
		};
		A50000006 /* Products */ = {
			isa = PBXGroup;
			children = (
				A30000001 /* BibliaRomana.app */,
			);
			name = Products;
			sourceTree = "<group>";
		};
		A50000007 /* Views */ = {
			isa = PBXGroup;
			children = (
				A20000002 /* ContentView.swift */,
				A20000003 /* LibraryView.swift */,
				A20000004 /* ReaderView.swift */,
				A20000005 /* AIAssistantView.swift */,
				A20000006 /* SettingsView.swift */,
				A20000007 /* ShareCardView.swift */,
				A20000014 /* VisualizerView.swift */,
				A20000017 /* EncyclopediaView.swift */,
				A20000018 /* BiblicalMapView.swift */,
				A20000022 /* PaywallView.swift */,
			);
			path = Views;
			sourceTree = "<group>";
		};
		A50000008 /* Resources */ = {
			isa = PBXGroup;
			children = (
				A20000013 /* biblia_1914.json */,
				A20000019 /* encyclopedia_ro.json */,
				A20000020 /* biblical_locations.json */,
				A20000023 /* Products.storekit */,
			);
			path = Resources;
			sourceTree = "<group>";
		};
/* End PBXGroup section */

/* Begin PBXNativeTarget section */
		A60000001 /* BibliaRomana */ = {
			isa = PBXNativeTarget;
			buildConfigurationList = A80000003 /* Build configuration list for PBXNativeTarget "BibliaRomana" */;
			buildPhases = (
				A70000001 /* Sources */,
				A40000001 /* Frameworks */,
				A70000002 /* Resources */,
			);
			buildRules = (
			);
			dependencies = (
			);
			name = BibliaRomana;
			productName = BibliaRomana;
			productReference = A30000001 /* BibliaRomana.app */;
			productType = "com.apple.product-type.application";
		};
/* End PBXNativeTarget section */

/* Begin PBXProject section */
		A90000001 /* Project object */ = {
			isa = PBXProject;
			attributes = {
				BuildIndependentTargetsInParallel = 1;
				LastSwiftUpdateCheck = 1540;
				LastUpgradeCheck = 2620;
				TargetAttributes = {
					A60000001 = {
						CreatedOnToolsVersion = 15.4;
					};
				};
			};
			buildConfigurationList = A80000001 /* Build configuration list for PBXProject "BibliaRomana" */;
			compatibilityVersion = "Xcode 14.0";
			developmentRegion = ro;
			hasScannedForEncodings = 0;
			knownRegions = (
				en,
				ro,
				Base,
			);
			mainGroup = A50000001;
			productRefGroup = A50000006 /* Products */;
			projectDirPath = "";
			projectRoot = "";
			targets = (
				A60000001 /* BibliaRomana */,
			);
		};
/* End PBXProject section */

/* Begin PBXResourcesBuildPhase section */
		A70000002 /* Resources */ = {
			isa = PBXResourcesBuildPhase;
			buildActionMask = 2147483647;
			files = (
				A10000012 /* Assets.xcassets in Resources */,
				A10000013 /* biblia_1914.json in Resources */,
				A10000019 /* encyclopedia_ro.json in Resources */,
				A10000020 /* biblical_locations.json in Resources */,
				A10000023 /* Products.storekit in Resources */,
			);
			runOnlyForDeploymentPostprocessing = 0;
		};
/* End PBXResourcesBuildPhase section */

/* Begin PBXSourcesBuildPhase section */
		A70000001 /* Sources */ = {
			isa = PBXSourcesBuildPhase;
			buildActionMask = 2147483647;
			files = (
				A10000001 /* BibliaRomanaApp.swift in Sources */,
				A10000002 /* ContentView.swift in Sources */,
				A10000003 /* LibraryView.swift in Sources */,
				A10000004 /* ReaderView.swift in Sources */,
				A10000005 /* AIAssistantView.swift in Sources */,
				A10000006 /* SettingsView.swift in Sources */,
				A10000007 /* ShareCardView.swift in Sources */,
				A10000008 /* BibleModels.swift in Sources */,
				A10000009 /* BibleService.swift in Sources */,
				A10000010 /* StorageService.swift in Sources */,
				A10000011 /* GeminiService.swift in Sources */,
				A10000014 /* VisualizerView.swift in Sources */,
				A10000015 /* EncyclopediaModels.swift in Sources */,
				A10000016 /* EncyclopediaService.swift in Sources */,
				A10000017 /* EncyclopediaView.swift in Sources */,
				A10000018 /* BiblicalMapView.swift in Sources */,
				A10000021 /* SubscriptionService.swift in Sources */,
				A10000022 /* PaywallView.swift in Sources */,
			);
			runOnlyForDeploymentPostprocessing = 0;
		};
/* End PBXSourcesBuildPhase section */

/* Begin XCBuildConfiguration section */
		A80000D1 /* Debug */ = {
			isa = XCBuildConfiguration;
			buildSettings = {
				ALWAYS_SEARCH_USER_PATHS = NO;
				ASSETCATALOG_COMPILER_GENERATE_SWIFT_ASSET_SYMBOL_EXTENSIONS = YES;
				CLANG_ANALYZER_LOCALIZABILITY_NONLOCALIZED = YES;
				CLANG_ANALYZER_NONNULL = YES;
				CLANG_ANALYZER_NUMBER_OBJECT_CONVERSION = YES_AGGRESSIVE;
				CLANG_CXX_LANGUAGE_STANDARD = "gnu++20";
				CLANG_ENABLE_MODULES = YES;
				CLANG_ENABLE_OBJC_ARC = YES;
				CLANG_ENABLE_OBJC_WEAK = YES;
				CLANG_WARN_BLOCK_CAPTURE_AUTORELEASING = YES;
				CLANG_WARN_BOOL_CONVERSION = YES;
				CLANG_WARN_COMMA = YES;
				CLANG_WARN_CONSTANT_CONVERSION = YES;
				CLANG_WARN_DEPRECATED_OBJC_IMPLEMENTATIONS = YES;
				CLANG_WARN_DIRECT_OBJC_ISA_USAGE = YES_ERROR;
				CLANG_WARN_DOCUMENTATION_COMMENTS = YES;
				CLANG_WARN_EMPTY_BODY = YES;
				CLANG_WARN_ENUM_CONVERSION = YES;
				CLANG_WARN_INFINITE_RECURSION = YES;
				CLANG_WARN_INT_CONVERSION = YES;
				CLANG_WARN_NON_LITERAL_NULL_CONVERSION = YES;
				CLANG_WARN_OBJC_IMPLICIT_RETAIN_SELF = YES;
				CLANG_WARN_OBJC_LITERAL_CONVERSION = YES;
				CLANG_WARN_OBJC_ROOT_CLASS = YES_ERROR;
				CLANG_WARN_QUOTED_INCLUDE_IN_FRAMEWORK_HEADER = YES;
				CLANG_WARN_RANGE_LOOP_ANALYSIS = YES;
				CLANG_WARN_STRICT_PROTOTYPES = YES;
				CLANG_WARN_SUSPICIOUS_MOVE = YES;
				CLANG_WARN_UNGUARDED_AVAILABILITY = YES_AGGRESSIVE;
				CLANG_WARN_UNREACHABLE_CODE = YES;
				CLANG_WARN__DUPLICATE_METHOD_MATCH = YES;
				COPY_PHASE_STRIP = NO;
				DEBUG_INFORMATION_FORMAT = dwarf;
				DEVELOPMENT_TEAM = AY8J97Q698;
				ENABLE_STRICT_OBJC_MSGSEND = YES;
				ENABLE_TESTABILITY = YES;
				ENABLE_USER_SCRIPT_SANDBOXING = YES;
				GCC_C_LANGUAGE_STANDARD = gnu17;
				GCC_DYNAMIC_NO_PIC = NO;
				GCC_NO_COMMON_BLOCKS = YES;
				GCC_OPTIMIZATION_LEVEL = 0;
				GCC_PREPROCESSOR_DEFINITIONS = (
					"DEBUG=1",
					"$(inherited)",
				);
				GCC_WARN_64_TO_32_BIT_CONVERSION = YES;
				GCC_WARN_ABOUT_RETURN_TYPE = YES_ERROR;
				GCC_WARN_UNDECLARED_SELECTOR = YES;
				GCC_WARN_UNINITIALIZED_AUTOS = YES_AGGRESSIVE;
				GCC_WARN_UNUSED_FUNCTION = YES;
				GCC_WARN_UNUSED_VARIABLE = YES;
				IPHONEOS_DEPLOYMENT_TARGET = 17.0;
				MTL_ENABLE_DEBUG_INFO = INCLUDE_SOURCE;
				MTL_FAST_MATH = YES;
				ONLY_ACTIVE_ARCH = YES;
				SDKROOT = iphoneos;
				STRING_CATALOG_GENERATE_SYMBOLS = YES;
				SWIFT_ACTIVE_COMPILATION_CONDITIONS = "DEBUG $(inherited)";
				SWIFT_OPTIMIZATION_LEVEL = "-Onone";
			};
			name = Debug;
		};
		A80000D2 /* Release */ = {
			isa = XCBuildConfiguration;
			buildSettings = {
				ALWAYS_SEARCH_USER_PATHS = NO;
				ASSETCATALOG_COMPILER_GENERATE_SWIFT_ASSET_SYMBOL_EXTENSIONS = YES;
				CLANG_ANALYZER_LOCALIZABILITY_NONLOCALIZED = YES;
				CLANG_ANALYZER_NONNULL = YES;
				CLANG_ANALYZER_NUMBER_OBJECT_CONVERSION = YES_AGGRESSIVE;
				CLANG_CXX_LANGUAGE_STANDARD = "gnu++20";
				CLANG_ENABLE_MODULES = YES;
				CLANG_ENABLE_OBJC_ARC = YES;
				CLANG_ENABLE_OBJC_WEAK = YES;
				CLANG_WARN_BLOCK_CAPTURE_AUTORELEASING = YES;
				CLANG_WARN_BOOL_CONVERSION = YES;
				CLANG_WARN_COMMA = YES;
				CLANG_WARN_CONSTANT_CONVERSION = YES;
				CLANG_WARN_DEPRECATED_OBJC_IMPLEMENTATIONS = YES;
				CLANG_WARN_DIRECT_OBJC_ISA_USAGE = YES_ERROR;
				CLANG_WARN_DOCUMENTATION_COMMENTS = YES;
				CLANG_WARN_EMPTY_BODY = YES;
				CLANG_WARN_ENUM_CONVERSION = YES;
				CLANG_WARN_INFINITE_RECURSION = YES;
				CLANG_WARN_INT_CONVERSION = YES;
				CLANG_WARN_NON_LITERAL_NULL_CONVERSION = YES;
				CLANG_WARN_OBJC_IMPLICIT_RETAIN_SELF = YES;
				CLANG_WARN_OBJC_LITERAL_CONVERSION = YES;
				CLANG_WARN_OBJC_ROOT_CLASS = YES_ERROR;
				CLANG_WARN_QUOTED_INCLUDE_IN_FRAMEWORK_HEADER = YES;
				CLANG_WARN_RANGE_LOOP_ANALYSIS = YES;
				CLANG_WARN_STRICT_PROTOTYPES = YES;
				CLANG_WARN_SUSPICIOUS_MOVE = YES;
				CLANG_WARN_UNGUARDED_AVAILABILITY = YES_AGGRESSIVE;
				CLANG_WARN_UNREACHABLE_CODE = YES;
				CLANG_WARN__DUPLICATE_METHOD_MATCH = YES;
				COPY_PHASE_STRIP = NO;
				DEBUG_INFORMATION_FORMAT = "dwarf-with-dsym";
				DEVELOPMENT_TEAM = AY8J97Q698;
				ENABLE_NS_ASSERTIONS = NO;
				ENABLE_STRICT_OBJC_MSGSEND = YES;
				ENABLE_USER_SCRIPT_SANDBOXING = YES;
				GCC_C_LANGUAGE_STANDARD = gnu17;
				GCC_NO_COMMON_BLOCKS = YES;
				GCC_WARN_64_TO_32_BIT_CONVERSION = YES;
				GCC_WARN_ABOUT_RETURN_TYPE = YES_ERROR;
				GCC_WARN_UNDECLARED_SELECTOR = YES;
				GCC_WARN_UNINITIALIZED_AUTOS = YES_AGGRESSIVE;
				GCC_WARN_UNUSED_FUNCTION = YES;
				GCC_WARN_UNUSED_VARIABLE = YES;
				IPHONEOS_DEPLOYMENT_TARGET = 17.0;
				MTL_ENABLE_DEBUG_INFO = NO;
				MTL_FAST_MATH = YES;
				SDKROOT = iphoneos;
				STRING_CATALOG_GENERATE_SYMBOLS = YES;
				SWIFT_COMPILATION_MODE = wholemodule;
				VALIDATE_PRODUCT = YES;
			};
			name = Release;
		};
		A80000T1 /* Debug */ = {
			isa = XCBuildConfiguration;
			buildSettings = {
				ASSETCATALOG_COMPILER_APPICON_NAME = AppIcon;
				ASSETCATALOG_COMPILER_GLOBAL_ACCENT_COLOR_NAME = AccentColor;
				CODE_SIGN_STYLE = Automatic;
				CURRENT_PROJECT_VERSION = 1;
				ENABLE_PREVIEWS = YES;
				GENERATE_INFOPLIST_FILE = YES;
				INFOPLIST_KEY_CFBundleDisplayName = "Biblia Sinodală 1914";
				INFOPLIST_KEY_LSApplicationCategoryType = "public.app-category.reference";
				INFOPLIST_KEY_UIApplicationSceneManifest_Generation = YES;
				INFOPLIST_KEY_UIApplicationSupportsIndirectInputEvents = YES;
				INFOPLIST_KEY_UILaunchScreen_Generation = YES;
				INFOPLIST_KEY_UISupportedInterfaceOrientations_iPad = "UIInterfaceOrientationPortrait UIInterfaceOrientationPortraitUpsideDown UIInterfaceOrientationLandscapeLeft UIInterfaceOrientationLandscapeRight";
				INFOPLIST_KEY_UISupportedInterfaceOrientations_iPhone = "UIInterfaceOrientationPortrait UIInterfaceOrientationLandscapeLeft UIInterfaceOrientationLandscapeRight";
				IPHONEOS_DEPLOYMENT_TARGET = 17.0;
				LD_RUNPATH_SEARCH_PATHS = (
					"$(inherited)",
					"@executable_path/Frameworks",
				);
				MARKETING_VERSION = 2.1;
				PRODUCT_BUNDLE_IDENTIFIER = com.nexubible.BibliaRomana;
				PRODUCT_NAME = "$(TARGET_NAME)";
				SUPPORTED_PLATFORMS = "iphoneos iphonesimulator";
				SUPPORTS_MACCATALYST = NO;
				SWIFT_EMIT_LOC_STRINGS = YES;
				SWIFT_VERSION = 5.0;
				TARGETED_DEVICE_FAMILY = "1,2";
			};
			name = Debug;
		};
		A80000T2 /* Release */ = {
			isa = XCBuildConfiguration;
			buildSettings = {
				ASSETCATALOG_COMPILER_APPICON_NAME = AppIcon;
				ASSETCATALOG_COMPILER_GLOBAL_ACCENT_COLOR_NAME = AccentColor;
				CODE_SIGN_STYLE = Automatic;
				CURRENT_PROJECT_VERSION = 1;
				ENABLE_PREVIEWS = YES;
				GENERATE_INFOPLIST_FILE = YES;
				INFOPLIST_KEY_CFBundleDisplayName = "Biblia Sinodală 1914";
				INFOPLIST_KEY_LSApplicationCategoryType = "public.app-category.reference";
				INFOPLIST_KEY_UIApplicationSceneManifest_Generation = YES;
				INFOPLIST_KEY_UIApplicationSupportsIndirectInputEvents = YES;
				INFOPLIST_KEY_UILaunchScreen_Generation = YES;
				INFOPLIST_KEY_UISupportedInterfaceOrientations_iPad = "UIInterfaceOrientationPortrait UIInterfaceOrientationPortraitUpsideDown UIInterfaceOrientationLandscapeLeft UIInterfaceOrientationLandscapeRight";
				INFOPLIST_KEY_UISupportedInterfaceOrientations_iPhone = "UIInterfaceOrientationPortrait UIInterfaceOrientationLandscapeLeft UIInterfaceOrientationLandscapeRight";
				IPHONEOS_DEPLOYMENT_TARGET = 17.0;
				LD_RUNPATH_SEARCH_PATHS = (
					"$(inherited)",
					"@executable_path/Frameworks",
				);
				MARKETING_VERSION = 2.1;
				PRODUCT_BUNDLE_IDENTIFIER = com.nexubible.BibliaRomana;
				PRODUCT_NAME = "$(TARGET_NAME)";
				SUPPORTED_PLATFORMS = "iphoneos iphonesimulator";
				SUPPORTS_MACCATALYST = NO;
				SWIFT_EMIT_LOC_STRINGS = YES;
				SWIFT_VERSION = 5.0;
				TARGETED_DEVICE_FAMILY = "1,2";
			};
			name = Release;
		};
/* End XCBuildConfiguration section */

/* Begin XCConfigurationList section */
		A80000001 /* Build configuration list for PBXProject "BibliaRomana" */ = {
			isa = XCConfigurationList;
			buildConfigurations = (
				A80000D1 /* Debug */,
				A80000D2 /* Release */,
			);
			defaultConfigurationIsVisible = 0;
			defaultConfigurationName = Release;
		};
		A80000003 /* Build configuration list for PBXNativeTarget "BibliaRomana" */ = {
			isa = XCConfigurationList;
			buildConfigurations = (
				A80000T1 /* Debug */,
				A80000T2 /* Release */,
			);
			defaultConfigurationIsVisible = 0;
			defaultConfigurationName = Release;
		};
/* End XCConfigurationList section */
	};
	rootObject = A90000001 /* Project object */;
}
